
Microsoft Visual Studio Solution File, Format Version 12.00
# Visual Studio 15
VisualStudioVersion = 15.0.28307.1500
MinimumVisualStudioVersion = 10.0.40219.1
Project("{FAE04EC0-301F-11D3-BF4B-00C04F79EFBC}") = "Download", "Download\Download.csproj", "{234C2EC3-547B-4FD6-9982-1A8709E21ABF}"
EndProject
Global
	GlobalSection(SolutionConfigurationPlatforms) = preSolution
		Debug|Any CPU = Debug|Any CPU
		Release|Any CPU = Release|Any CPU
	EndGlobalSection
	GlobalSection(ProjectConfigurationPlatforms) = postSolution
		{234C2EC3-547B-4FD6-9982-1A8709E21ABF}.Debug|Any CPU.ActiveCfg = Debug|Any CPU
		{234C2EC3-547B-4FD6-9982-1A8709E21ABF}.Debug|Any CPU.Build.0 = Debug|Any CPU
		{234C2EC3-547B-4FD6-9982-1A8709E21ABF}.Release|Any CPU.ActiveCfg = Release|Any CPU
		{234C2EC3-547B-4FD6-9982-1A8709E21ABF}.Release|Any CPU.Build.0 = Release|Any CPU
	EndGlobalSection
	GlobalSection(SolutionProperties) = preSolution
		HideSolutionNode = FALSE
	EndGlobalSection
	GlobalSection(ExtensibilityGlobals) = postSolution
		SolutionGuid = {38B3A731-5CE9-4958-9CC2-976A2826EA21}
	EndGlobalSection
EndGlobal
